
Microsoft Visual Studio Solution File, Format Version 12.00
# Visual Studio Version 16
VisualStudioVersion = 16.0.30114.105
MinimumVisualStudioVersion = 10.0.40219.1
Project("{FAE04EC0-301F-11D3-BF4B-00C04F79EFBC}") = "Desafio.Web", "Desafio.Web\Desafio.Web.csproj", "{E4B78254-CD80-4B54-AEC2-3B690D93988B}"
EndProject
Project("{FAE04EC0-301F-11D3-BF4B-00C04F79EFBC}") = "Desafio.Infra", "Desafio.Infra\Desafio.Infra.csproj", "{92C7E939-DE65-4848-9147-CDA333DBA9F3}"
EndProject
Project("{FAE04EC0-301F-11D3-BF4B-00C04F79EFBC}") = "Desafio.Test", "Desafio.Test\Desafio.Test.csproj", "{3FFBACAD-47EF-4EB6-81E7-0E6651756753}"
EndProject
Project("{FAE04EC0-301F-11D3-BF4B-00C04F79EFBC}") = "Desafio.Services", "Desafio.Services\Desafio.Services.csproj", "{97D620AF-B4E4-4C84-905E-46179594D2D6}"
EndProject
Project("{FAE04EC0-301F-11D3-BF4B-00C04F79EFBC}") = "Desafio.ViewModels", "Desafio.ViewModels\Desafio.ViewModels.csproj", "{2ED791D6-F920-4F86-880D-574DF0A75FE1}"
EndProject
Project("{FAE04EC0-301F-11D3-BF4B-00C04F79EFBC}") = "Desafio.API", "Desafio.API\Desafio.API.csproj", "{12636135-F63B-4143-AEA0-EC145AB76126}"
EndProject
Global
	GlobalSection(SolutionConfigurationPlatforms) = preSolution
		Debug|Any CPU = Debug|Any CPU
		Release|Any CPU = Release|Any CPU
	EndGlobalSection
	GlobalSection(SolutionProperties) = preSolution
		HideSolutionNode = FALSE
	EndGlobalSection
	GlobalSection(ProjectConfigurationPlatforms) = postSolution
		{E4B78254-CD80-4B54-AEC2-3B690D93988B}.Debug|Any CPU.ActiveCfg = Debug|Any CPU
		{E4B78254-CD80-4B54-AEC2-3B690D93988B}.Debug|Any CPU.Build.0 = Debug|Any CPU
		{E4B78254-CD80-4B54-AEC2-3B690D93988B}.Release|Any CPU.ActiveCfg = Release|Any CPU
		{E4B78254-CD80-4B54-AEC2-3B690D93988B}.Release|Any CPU.Build.0 = Release|Any CPU
		{92C7E939-DE65-4848-9147-CDA333DBA9F3}.Debug|Any CPU.ActiveCfg = Debug|Any CPU
		{92C7E939-DE65-4848-9147-CDA333DBA9F3}.Debug|Any CPU.Build.0 = Debug|Any CPU
		{92C7E939-DE65-4848-9147-CDA333DBA9F3}.Release|Any CPU.ActiveCfg = Release|Any CPU
		{92C7E939-DE65-4848-9147-CDA333DBA9F3}.Release|Any CPU.Build.0 = Release|Any CPU
		{3FFBACAD-47EF-4EB6-81E7-0E6651756753}.Debug|Any CPU.ActiveCfg = Debug|Any CPU
		{3FFBACAD-47EF-4EB6-81E7-0E6651756753}.Debug|Any CPU.Build.0 = Debug|Any CPU
		{3FFBACAD-47EF-4EB6-81E7-0E6651756753}.Release|Any CPU.ActiveCfg = Release|Any CPU
		{3FFBACAD-47EF-4EB6-81E7-0E6651756753}.Release|Any CPU.Build.0 = Release|Any CPU
		{97D620AF-B4E4-4C84-905E-46179594D2D6}.Debug|Any CPU.ActiveCfg = Debug|Any CPU
		{97D620AF-B4E4-4C84-905E-46179594D2D6}.Debug|Any CPU.Build.0 = Debug|Any CPU
		{97D620AF-B4E4-4C84-905E-46179594D2D6}.Release|Any CPU.ActiveCfg = Release|Any CPU
		{97D620AF-B4E4-4C84-905E-46179594D2D6}.Release|Any CPU.Build.0 = Release|Any CPU
		{2ED791D6-F920-4F86-880D-574DF0A75FE1}.Debug|Any CPU.ActiveCfg = Debug|Any CPU
		{2ED791D6-F920-4F86-880D-574DF0A75FE1}.Debug|Any CPU.Build.0 = Debug|Any CPU
		{2ED791D6-F920-4F86-880D-574DF0A75FE1}.Release|Any CPU.ActiveCfg = Release|Any CPU
		{2ED791D6-F920-4F86-880D-574DF0A75FE1}.Release|Any CPU.Build.0 = Release|Any CPU
		{12636135-F63B-4143-AEA0-EC145AB76126}.Debug|Any CPU.ActiveCfg = Debug|Any CPU
		{12636135-F63B-4143-AEA0-EC145AB76126}.Debug|Any CPU.Build.0 = Debug|Any CPU
		{12636135-F63B-4143-AEA0-EC145AB76126}.Release|Any CPU.ActiveCfg = Release|Any CPU
		{12636135-F63B-4143-AEA0-EC145AB76126}.Release|Any CPU.Build.0 = Release|Any CPU
	EndGlobalSection
EndGlobal
